{
  "requires": true,
  "lockfileVersion": 1,
  "dependencies": {
    "@datastructures-js/heap": {
      "version": "4.0.2",
      "resolved": "https://registry.npmjs.org/@datastructures-js/heap/-/heap-4.0.2.tgz",
      "integrity": "sha512-QU51CpDbn/Ctfv9/RbIeOXZ5jH9S/SWllIRmdUNCEYjwTeop1wlmkA4r0/ecVSdjE0yuyvmXI7ea1QKqKNGimg=="
    },
    "@datastructures-js/priority-queue": {
      "version": "6.0.0",
      "resolved": "https://registry.npmjs.org/@datastructures-js/priority-queue/-/priority-queue-6.0.0.tgz",
      "integrity": "sha512-YrqU+iUjbFNtLmgs3aTjcvuqC9wyJxhc6tcbQiDiiq3ZyEdfbl2vyLOW+SY+ogrc90ld8L1vE+4LpFCdlZAhjw==",
      "requires": {
        "@datastructures-js/heap": "^4.0.2"
      }
    },
    "heap-js": {
      "version": "2.2.0",
      "resolved": "https://registry.npmjs.org/heap-js/-/heap-js-2.2.0.tgz",
      "integrity": "sha512-G3uM72G9F/zo9Hph/T7m4ZZVlVu5bx2f5CiCS78TBHz2mNIXnB5KRdEEYssXZJ7ldLDqID29bZ1D5ezCKQD2Zw=="
    }
  }
}
